# This file is generated by running "yarn install" inside your project.
# Manual changes might be lost - proceed with caution!

__metadata:
  version: 6
  cacheKey: 8

"cxts@workspace:.":
  version: 0.0.0-use.local
  resolution: "cxts@workspace:."
  dependencies:
    route-parser: ^0.0.5
  languageName: unknown
  linkType: soft

"route-parser@npm:^0.0.5":
  version: 0.0.5
  resolution: "route-parser@npm:0.0.5"
  checksum: 81619e9857f1359405be5d2fc4be22727851cc60a55a70f92a4800fef4c22dd3c78ad55b745afa229dffdca95835186c51c6012f47d3327c8ead42f55e4920f7
  languageName: node
  linkType: hard
